
Microsoft Visual Studio Solution File, Format Version 12.00
# Visual Studio Version 17
VisualStudioVersion = 17.3.32819.101
MinimumVisualStudioVersion = 10.0.40219.1
Project("{9A19103F-16F7-4668-BE54-9A1E7A4F7556}") = "ConcediuAngajati", "ConcediuAngajati.csproj", "{F0E807A6-986B-4889-B09F-3BD7B6F844B4}"
EndProject
Project("{9A19103F-16F7-4668-BE54-9A1E7A4F7556}") = "ConexiuneBaza", "..\..\Webapinuconteaza\Webapinuconteaza\ConexiuneBaza.csproj", "{DB50A65A-1C8D-4B87-9DBA-3E25CB352730}"
EndProject
Global
	GlobalSection(SolutionConfigurationPlatforms) = preSolution
		Debug|Any CPU = Debug|Any CPU
		Release|Any CPU = Release|Any CPU
	EndGlobalSection
	GlobalSection(ProjectConfigurationPlatforms) = postSolution
		{F0E807A6-986B-4889-B09F-3BD7B6F844B4}.Debug|Any CPU.ActiveCfg = Debug|Any CPU
		{F0E807A6-986B-4889-B09F-3BD7B6F844B4}.Debug|Any CPU.Build.0 = Debug|Any CPU
		{F0E807A6-986B-4889-B09F-3BD7B6F844B4}.Release|Any CPU.ActiveCfg = Release|Any CPU
		{F0E807A6-986B-4889-B09F-3BD7B6F844B4}.Release|Any CPU.Build.0 = Release|Any CPU
		{DB50A65A-1C8D-4B87-9DBA-3E25CB352730}.Debug|Any CPU.ActiveCfg = Debug|Any CPU
		{DB50A65A-1C8D-4B87-9DBA-3E25CB352730}.Debug|Any CPU.Build.0 = Debug|Any CPU
		{DB50A65A-1C8D-4B87-9DBA-3E25CB352730}.Release|Any CPU.ActiveCfg = Release|Any CPU
		{DB50A65A-1C8D-4B87-9DBA-3E25CB352730}.Release|Any CPU.Build.0 = Release|Any CPU
	EndGlobalSection
	GlobalSection(SolutionProperties) = preSolution
		HideSolutionNode = FALSE
	EndGlobalSection
	GlobalSection(ExtensibilityGlobals) = postSolution
		SolutionGuid = {08533172-C6D4-4DAB-A507-FBB29B971E33}
	EndGlobalSection
EndGlobal
